// !$*UTF8*$!
{
	archiveVersion = 1;
	classes = {
	};
	objectVersion = 50;
	objects = {

/* Begin PBXBuildFile section */
		419D9904236619FC00E4E6C9 /* AppDelegate.swift in Sources */ = {isa = PBXBuildFile; fileRef = 419D9903236619FC00E4E6C9 /* AppDelegate.swift */; };
		419D9906236619FC00E4E6C9 /* SceneDelegate.swift in Sources */ = {isa = PBXBuildFile; fileRef = 419D9905236619FC00E4E6C9 /* SceneDelegate.swift */; };
		419D9908236619FC00E4E6C9 /* ViewController.swift in Sources */ = {isa = PBXBuildFile; fileRef = 419D9907236619FC00E4E6C9 /* ViewController.swift */; };
		419D990B236619FC00E4E6C9 /* Main.storyboard in Resources */ = {isa = PBXBuildFile; fileRef = 419D9909236619FC00E4E6C9 /* Main.storyboard */; };
		419D990D236619FF00E4E6C9 /* Assets.xcassets in Resources */ = {isa = PBXBuildFile; fileRef = 419D990C236619FF00E4E6C9 /* Assets.xcassets */; };
		419D9910236619FF00E4E6C9 /* LaunchScreen.storyboard in Resources */ = {isa = PBXBuildFile; fileRef = 419D990E236619FF00E4E6C9 /* LaunchScreen.storyboard */; };
		419D991B236619FF00E4E6C9 /* CleverStudyTests.swift in Sources */ = {isa = PBXBuildFile; fileRef = 419D991A236619FF00E4E6C9 /* CleverStudyTests.swift */; };
/* End PBXBuildFile section */

/* Begin PBXContainerItemProxy section */
		419D9917236619FF00E4E6C9 /* PBXContainerItemProxy */ = {
			isa = PBXContainerItemProxy;
			containerPortal = 419D98F8236619FC00E4E6C9 /* Project object */;
			proxyType = 1;
			remoteGlobalIDString = 419D98FF236619FC00E4E6C9;
			remoteInfo = CleverStudy;
		};
/* End PBXContainerItemProxy section */

/* Begin PBXFileReference section */
		419D9900236619FC00E4E6C9 /* CleverStudy.app */ = {isa = PBXFileReference; explicitFileType = wrapper.application; includeInIndex = 0; path = CleverStudy.app; sourceTree = BUILT_PRODUCTS_DIR; };
		419D9903236619FC00E4E6C9 /* AppDelegate.swift */ = {isa = PBXFileReference; lastKnownFileType = sourcecode.swift; path = AppDelegate.swift; sourceTree = "<group>"; };
		419D9905236619FC00E4E6C9 /* SceneDelegate.swift */ = {isa = PBXFileReference; lastKnownFileType = sourcecode.swift; path = SceneDelegate.swift; sourceTree = "<group>"; };
		419D9907236619FC00E4E6C9 /* ViewController.swift */ = {isa = PBXFileReference; lastKnownFileType = sourcecode.swift; path = ViewController.swift; sourceTree = "<group>"; };
		419D990A236619FC00E4E6C9 /* Base */ = {isa = PBXFileReference; lastKnownFileType = file.storyboard; name = Base; path = Base.lproj/Main.storyboard; sourceTree = "<group>"; };
		419D990C236619FF00E4E6C9 /* Assets.xcassets */ = {isa = PBXFileReference; lastKnownFileType = folder.assetcatalog; path = Assets.xcassets; sourceTree = "<group>"; };
		419D990F236619FF00E4E6C9 /* Base */ = {isa = PBXFileReference; lastKnownFileType = file.storyboard; name = Base; path = Base.lproj/LaunchScreen.storyboard; sourceTree = "<group>"; };
		419D9911236619FF00E4E6C9 /* Info.plist */ = {isa = PBXFileReference; lastKnownFileType = text.plist.xml; path = Info.plist; sourceTree = "<group>"; };
		419D9916236619FF00E4E6C9 /* CleverStudyTests.xctest */ = {isa = PBXFileReference; explicitFileType = wrapper.cfbundle; includeInIndex = 0; path = CleverStudyTests.xctest; sourceTree = BUILT_PRODUCTS_DIR; };
		419D991A236619FF00E4E6C9 /* CleverStudyTests.swift */ = {isa = PBXFileReference; lastKnownFileType = sourcecode.swift; path = CleverStudyTests.swift; sourceTree = "<group>"; };
		419D991C236619FF00E4E6C9 /* Info.plist */ = {isa = PBXFileReference; lastKnownFileType = text.plist.xml; path = Info.plist; sourceTree = "<group>"; };
/* End PBXFileReference section */

/* Begin PBXFrameworksBuildPhase section */
		419D98FD236619FC00E4E6C9 /* Frameworks */ = {
			isa = PBXFrameworksBuildPhase;
			buildActionMask = 2147483647;
			files = (
			);
			runOnlyForDeploymentPostprocessing = 0;
		};
		419D9913236619FF00E4E6C9 /* Frameworks */ = {
			isa = PBXFrameworksBuildPhase;
			buildActionMask = 2147483647;
			files = (
			);
			runOnlyForDeploymentPostprocessing = 0;
		};
/* End PBXFrameworksBuildPhase section */

/* Begin PBXGroup section */
		419D98F7236619FC00E4E6C9 = {
			isa = PBXGroup;
			children = (
				419D9902236619FC00E4E6C9 /* CleverStudy */,
				419D9919236619FF00E4E6C9 /* CleverStudyTests */,
				419D9901236619FC00E4E6C9 /* Products */,
			);
			sourceTree = "<group>";
		};
		419D9901236619FC00E4E6C9 /* Products */ = {
			isa = PBXGroup;
			children = (
				419D9900236619FC00E4E6C9 /* CleverStudy.app */,
				419D9916236619FF00E4E6C9 /* CleverStudyTests.xctest */,
			);
			name = Products;
			sourceTree = "<group>";
		};
		419D9902236619FC00E4E6C9 /* CleverStudy */ = {
			isa = PBXGroup;
			children = (
				419D9903236619FC00E4E6C9 /* AppDelegate.swift */,
				419D9905236619FC00E4E6C9 /* SceneDelegate.swift */,
				419D9907236619FC00E4E6C9 /* ViewController.swift */,
				419D9909236619FC00E4E6C9 /* Main.storyboard */,
				419D990C236619FF00E4E6C9 /* Assets.xcassets */,
				419D990E236619FF00E4E6C9 /* LaunchScreen.storyboard */,
				419D9911236619FF00E4E6C9 /* Info.plist */,
			);
			path = CleverStudy;
			sourceTree = "<group>";
		};
		419D9919236619FF00E4E6C9 /* CleverStudyTests */ = {
			isa = PBXGroup;
			children = (
				419D991A236619FF00E4E6C9 /* CleverStudyTests.swift */,
				419D991C236619FF00E4E6C9 /* Info.plist */,
			);
			path = CleverStudyTests;
			sourceTree = "<group>";
		};
/* End PBXGroup section */

/* Begin PBXNativeTarget section */
		419D98FF236619FC00E4E6C9 /* CleverStudy */ = {
			isa = PBXNativeTarget;
			buildConfigurationList = 419D991F236619FF00E4E6C9 /* Build configuration list for PBXNativeTarget "CleverStudy" */;
			buildPhases = (
				419D98FC236619FC00E4E6C9 /* Sources */,
				419D98FD236619FC00E4E6C9 /* Frameworks */,
				419D98FE236619FC00E4E6C9 /* Resources */,
			);
			buildRules = (
			);
			dependencies = (
			);
			name = CleverStudy;
			productName = CleverStudy;
			productReference = 419D9900236619FC00E4E6C9 /* CleverStudy.app */;
			productType = "com.apple.product-type.application";
		};
		419D9915236619FF00E4E6C9 /* CleverStudyTests */ = {
			isa = PBXNativeTarget;
			buildConfigurationList = 419D9922236619FF00E4E6C9 /* Build configuration list for PBXNativeTarget "CleverStudyTests" */;
			buildPhases = (
				419D9912236619FF00E4E6C9 /* Sources */,
				419D9913236619FF00E4E6C9 /* Frameworks */,
				419D9914236619FF00E4E6C9 /* Resources */,
			);
			buildRules = (
			);
			dependencies = (
				419D9918236619FF00E4E6C9 /* PBXTargetDependency */,
			);
			name = CleverStudyTests;
			productName = CleverStudyTests;
			productReference = 419D9916236619FF00E4E6C9 /* CleverStudyTests.xctest */;
			productType = "com.apple.product-type.bundle.unit-test";
		};
/* End PBXNativeTarget section */

/* Begin PBXProject section */
		419D98F8236619FC00E4E6C9 /* Project object */ = {
			isa = PBXProject;
			attributes = {
				LastSwiftUpdateCheck = 1110;
				LastUpgradeCheck = 1110;
				ORGANIZATIONNAME = "Fara Yan";
				TargetAttributes = {
					419D98FF236619FC00E4E6C9 = {
						CreatedOnToolsVersion = 11.1;
					};
					419D9915236619FF00E4E6C9 = {
						CreatedOnToolsVersion = 11.1;
						TestTargetID = 419D98FF236619FC00E4E6C9;
					};
				};
			};
			buildConfigurationList = 419D98FB236619FC00E4E6C9 /* Build configuration list for PBXProject "CleverStudy" */;
			compatibilityVersion = "Xcode 9.3";
			developmentRegion = en;
			hasScannedForEncodings = 0;
			knownRegions = (
				en,
				Base,
			);
			mainGroup = 419D98F7236619FC00E4E6C9;
			productRefGroup = 419D9901236619FC00E4E6C9 /* Products */;
			projectDirPath = "";
			projectRoot = "";
			targets = (
				419D98FF236619FC00E4E6C9 /* CleverStudy */,
				419D9915236619FF00E4E6C9 /* CleverStudyTests */,
			);
		};
/* End PBXProject section */

/* Begin PBXResourcesBuildPhase section */
		419D98FE236619FC00E4E6C9 /* Resources */ = {
			isa = PBXResourcesBuildPhase;
			buildActionMask = 2147483647;
			files = (
				419D9910236619FF00E4E6C9 /* LaunchScreen.storyboard in Resources */,
				419D990D236619FF00E4E6C9 /* Assets.xcassets in Resources */,
				419D990B236619FC00E4E6C9 /* Main.storyboard in Resources */,
			);
			runOnlyForDeploymentPostprocessing = 0;
		};
		419D9914236619FF00E4E6C9 /* Resources */ = {
			isa = PBXResourcesBuildPhase;
			buildActionMask = 2147483647;
			files = (
			);
			runOnlyForDeploymentPostprocessing = 0;
		};
/* End PBXResourcesBuildPhase section */

/* Begin PBXSourcesBuildPhase section */
		419D98FC236619FC00E4E6C9 /* Sources */ = {
			isa = PBXSourcesBuildPhase;
			buildActionMask = 2147483647;
			files = (
				419D9908236619FC00E4E6C9 /* ViewController.swift in Sources */,
				419D9904236619FC00E4E6C9 /* AppDelegate.swift in Sources */,
				419D9906236619FC00E4E6C9 /* SceneDelegate.swift in Sources */,
			);
			runOnlyForDeploymentPostprocessing = 0;
		};
		419D9912236619FF00E4E6C9 /* Sources */ = {
			isa = PBXSourcesBuildPhase;
			buildActionMask = 2147483647;
			files = (
				419D991B236619FF00E4E6C9 /* CleverStudyTests.swift in Sources */,
			);
			runOnlyForDeploymentPostprocessing = 0;
		};
/* End PBXSourcesBuildPhase section */

/* Begin PBXTargetDependency section */
		419D9918236619FF00E4E6C9 /* PBXTargetDependency */ = {
			isa = PBXTargetDependency;
			target = 419D98FF236619FC00E4E6C9 /* CleverStudy */;
			targetProxy = 419D9917236619FF00E4E6C9 /* PBXContainerItemProxy */;
		};
/* End PBXTargetDependency section */

/* Begin PBXVariantGroup section */
		419D9909236619FC00E4E6C9 /* Main.storyboard */ = {
			isa = PBXVariantGroup;
			children = (
				419D990A236619FC00E4E6C9 /* Base */,
			);
			name = Main.storyboard;
			sourceTree = "<group>";
		};
		419D990E236619FF00E4E6C9 /* LaunchScreen.storyboard */ = {
			isa = PBXVariantGroup;
			children = (
				419D990F236619FF00E4E6C9 /* Base */,
			);
			name = LaunchScreen.storyboard;
			sourceTree = "<group>";
		};
/* End PBXVariantGroup section */

/* Begin XCBuildConfiguration section */
		419D991D236619FF00E4E6C9 /* Debug */ = {
			isa = XCBuildConfiguration;
			buildSettings = {
				ALWAYS_SEARCH_USER_PATHS = NO;
				CLANG_ANALYZER_NONNULL = YES;
				CLANG_ANALYZER_NUMBER_OBJECT_CONVERSION = YES_AGGRESSIVE;
				CLANG_CXX_LANGUAGE_STANDARD = "gnu++14";
				CLANG_CXX_LIBRARY = "libc++";
				CLANG_ENABLE_MODULES = YES;
				CLANG_ENABLE_OBJC_ARC = YES;
				CLANG_ENABLE_OBJC_WEAK = YES;
				CLANG_WARN_BLOCK_CAPTURE_AUTORELEASING = YES;
				CLANG_WARN_BOOL_CONVERSION = YES;
				CLANG_WARN_COMMA = YES;
				CLANG_WARN_CONSTANT_CONVERSION = YES;
				CLANG_WARN_DEPRECATED_OBJC_IMPLEMENTATIONS = YES;
				CLANG_WARN_DIRECT_OBJC_ISA_USAGE = YES_ERROR;
				CLANG_WARN_DOCUMENTATION_COMMENTS = YES;
				CLANG_WARN_EMPTY_BODY = YES;
				CLANG_WARN_ENUM_CONVERSION = YES;
				CLANG_WARN_INFINITE_RECURSION = YES;
				CLANG_WARN_INT_CONVERSION = YES;
				CLANG_WARN_NON_LITERAL_NULL_CONVERSION = YES;
				CLANG_WARN_OBJC_IMPLICIT_RETAIN_SELF = YES;
				CLANG_WARN_OBJC_LITERAL_CONVERSION = YES;
				CLANG_WARN_OBJC_ROOT_CLASS = YES_ERROR;
				CLANG_WARN_RANGE_LOOP_ANALYSIS = YES;
				CLANG_WARN_STRICT_PROTOTYPES = YES;
				CLANG_WARN_SUSPICIOUS_MOVE = YES;
				CLANG_WARN_UNGUARDED_AVAILABILITY = YES_AGGRESSIVE;
				CLANG_WARN_UNREACHABLE_CODE = YES;
				CLANG_WARN__DUPLICATE_METHOD_MATCH = YES;
				COPY_PHASE_STRIP = NO;
				DEBUG_INFORMATION_FORMAT = dwarf;
				ENABLE_STRICT_OBJC_MSGSEND = YES;
				ENABLE_TESTABILITY = YES;
				GCC_C_LANGUAGE_STANDARD = gnu11;
				GCC_DYNAMIC_NO_PIC = NO;
				GCC_NO_COMMON_BLOCKS = YES;
				GCC_OPTIMIZATION_LEVEL = 0;
				GCC_PREPROCESSOR_DEFINITIONS = (
					"DEBUG=1",
					"$(inherited)",
				);
				GCC_WARN_64_TO_32_BIT_CONVERSION = YES;
				GCC_WARN_ABOUT_RETURN_TYPE = YES_ERROR;
				GCC_WARN_UNDECLARED_SELECTOR = YES;
				GCC_WARN_UNINITIALIZED_AUTOS = YES_AGGRESSIVE;
				GCC_WARN_UNUSED_FUNCTION = YES;
				GCC_WARN_UNUSED_VARIABLE = YES;
				IPHONEOS_DEPLOYMENT_TARGET = 13.1;
				MTL_ENABLE_DEBUG_INFO = INCLUDE_SOURCE;
				MTL_FAST_MATH = YES;
				ONLY_ACTIVE_ARCH = YES;
				SDKROOT = iphoneos;
				SWIFT_ACTIVE_COMPILATION_CONDITIONS = DEBUG;
				SWIFT_OPTIMIZATION_LEVEL = "-Onone";
			};
			name = Debug;
		};
		419D991E236619FF00E4E6C9 /* Release */ = {
			isa = XCBuildConfiguration;
			buildSettings = {
				ALWAYS_SEARCH_USER_PATHS = NO;
				CLANG_ANALYZER_NONNULL = YES;
				CLANG_ANALYZER_NUMBER_OBJECT_CONVERSION = YES_AGGRESSIVE;
				CLANG_CXX_LANGUAGE_STANDARD = "gnu++14";
				CLANG_CXX_LIBRARY = "libc++";
				CLANG_ENABLE_MODULES = YES;
				CLANG_ENABLE_OBJC_ARC = YES;
				CLANG_ENABLE_OBJC_WEAK = YES;
				CLANG_WARN_BLOCK_CAPTURE_AUTORELEASING = YES;
				CLANG_WARN_BOOL_CONVERSION = YES;
				CLANG_WARN_COMMA = YES;
				CLANG_WARN_CONSTANT_CONVERSION = YES;
				CLANG_WARN_DEPRECATED_OBJC_IMPLEMENTATIONS = YES;
				CLANG_WARN_DIRECT_OBJC_ISA_USAGE = YES_ERROR;
				CLANG_WARN_DOCUMENTATION_COMMENTS = YES;
				CLANG_WARN_EMPTY_BODY = YES;
				CLANG_WARN_ENUM_CONVERSION = YES;
				CLANG_WARN_INFINITE_RECURSION = YES;
				CLANG_WARN_INT_CONVERSION = YES;
				CLANG_WARN_NON_LITERAL_NULL_CONVERSION = YES;
				CLANG_WARN_OBJC_IMPLICIT_RETAIN_SELF = YES;
				CLANG_WARN_OBJC_LITERAL_CONVERSION = YES;
				CLANG_WARN_OBJC_ROOT_CLASS = YES_ERROR;
				CLANG_WARN_RANGE_LOOP_ANALYSIS = YES;
				CLANG_WARN_STRICT_PROTOTYPES = YES;
				CLANG_WARN_SUSPICIOUS_MOVE = YES;
				CLANG_WARN_UNGUARDED_AVAILABILITY = YES_AGGRESSIVE;
				CLANG_WARN_UNREACHABLE_CODE = YES;
				CLANG_WARN__DUPLICATE_METHOD_MATCH = YES;
				COPY_PHASE_STRIP = NO;
				DEBUG_INFORMATION_FORMAT = "dwarf-with-dsym";
				ENABLE_NS_ASSERTIONS = NO;
				ENABLE_STRICT_OBJC_MSGSEND = YES;
				GCC_C_LANGUAGE_STANDARD = gnu11;
				GCC_NO_COMMON_BLOCKS = YES;
				GCC_WARN_64_TO_32_BIT_CONVERSION = YES;
				GCC_WARN_ABOUT_RETURN_TYPE = YES_ERROR;
				GCC_WARN_UNDECLARED_SELECTOR = YES;
				GCC_WARN_UNINITIALIZED_AUTOS = YES_AGGRESSIVE;
				GCC_WARN_UNUSED_FUNCTION = YES;
				GCC_WARN_UNUSED_VARIABLE = YES;
				IPHONEOS_DEPLOYMENT_TARGET = 13.1;
				MTL_ENABLE_DEBUG_INFO = NO;
				MTL_FAST_MATH = YES;
				SDKROOT = iphoneos;
				SWIFT_COMPILATION_MODE = wholemodule;
				SWIFT_OPTIMIZATION_LEVEL = "-O";
				VALIDATE_PRODUCT = YES;
			};
			name = Release;
		};
		419D9920236619FF00E4E6C9 /* Debug */ = {
			isa = XCBuildConfiguration;
			buildSettings = {
				ASSETCATALOG_COMPILER_APPICON_NAME = AppIcon;
				CODE_SIGN_STYLE = Automatic;
				INFOPLIST_FILE = CleverStudy/Info.plist;
				LD_RUNPATH_SEARCH_PATHS = (
					"$(inherited)",
					"@executable_path/Frameworks",
				);
				PRODUCT_BUNDLE_IDENTIFIER = fara.CleverStudy;
				PRODUCT_NAME = "$(TARGET_NAME)";
				SWIFT_VERSION = 5.0;
				TARGETED_DEVICE_FAMILY = "1,2";
			};
			name = Debug;
		};
		419D9921236619FF00E4E6C9 /* Release */ = {
			isa = XCBuildConfiguration;
			buildSettings = {
				ASSETCATALOG_COMPILER_APPICON_NAME = AppIcon;
				CODE_SIGN_STYLE = Automatic;
				INFOPLIST_FILE = CleverStudy/Info.plist;
				LD_RUNPATH_SEARCH_PATHS = (
					"$(inherited)",
					"@executable_path/Frameworks",
				);
				PRODUCT_BUNDLE_IDENTIFIER = fara.CleverStudy;
				PRODUCT_NAME = "$(TARGET_NAME)";
				SWIFT_VERSION = 5.0;
				TARGETED_DEVICE_FAMILY = "1,2";
			};
			name = Release;
		};
		419D9923236619FF00E4E6C9 /* Debug */ = {
			isa = XCBuildConfiguration;
			buildSettings = {
				ALWAYS_EMBED_SWIFT_STANDARD_LIBRARIES = YES;
				BUNDLE_LOADER = "$(TEST_HOST)";
				CODE_SIGN_STYLE = Automatic;
				INFOPLIST_FILE = CleverStudyTests/Info.plist;
				IPHONEOS_DEPLOYMENT_TARGET = 13.1;
				LD_RUNPATH_SEARCH_PATHS = (
					"$(inherited)",
					"@executable_path/Frameworks",
					"@loader_path/Frameworks",
				);
				PRODUCT_BUNDLE_IDENTIFIER = fara.CleverStudyTests;
				PRODUCT_NAME = "$(TARGET_NAME)";
				SWIFT_VERSION = 5.0;
				TARGETED_DEVICE_FAMILY = "1,2";
				TEST_HOST = "$(BUILT_PRODUCTS_DIR)/CleverStudy.app/CleverStudy";
			};
			name = Debug;
		};
		419D9924236619FF00E4E6C9 /* Release */ = {
			isa = XCBuildConfiguration;
			buildSettings = {
				ALWAYS_EMBED_SWIFT_STANDARD_LIBRARIES = YES;
				BUNDLE_LOADER = "$(TEST_HOST)";
				CODE_SIGN_STYLE = Automatic;
				INFOPLIST_FILE = CleverStudyTests/Info.plist;
				IPHONEOS_DEPLOYMENT_TARGET = 13.1;
				LD_RUNPATH_SEARCH_PATHS = (
					"$(inherited)",
					"@executable_path/Frameworks",
					"@loader_path/Frameworks",
				);
				PRODUCT_BUNDLE_IDENTIFIER = fara.CleverStudyTests;
				PRODUCT_NAME = "$(TARGET_NAME)";
				SWIFT_VERSION = 5.0;
				TARGETED_DEVICE_FAMILY = "1,2";
				TEST_HOST = "$(BUILT_PRODUCTS_DIR)/CleverStudy.app/CleverStudy";
			};
			name = Release;
		};
/* End XCBuildConfiguration section */

/* Begin XCConfigurationList section */
		419D98FB236619FC00E4E6C9 /* Build configuration list for PBXProject "CleverStudy" */ = {
			isa = XCConfigurationList;
			buildConfigurations = (
				419D991D236619FF00E4E6C9 /* Debug */,
				419D991E236619FF00E4E6C9 /* Release */,
			);
			defaultConfigurationIsVisible = 0;
			defaultConfigurationName = Release;
		};
		419D991F236619FF00E4E6C9 /* Build configuration list for PBXNativeTarget "CleverStudy" */ = {
			isa = XCConfigurationList;
			buildConfigurations = (
				419D9920236619FF00E4E6C9 /* Debug */,
				419D9921236619FF00E4E6C9 /* Release */,
			);
			defaultConfigurationIsVisible = 0;
			defaultConfigurationName = Release;
		};
		419D9922236619FF00E4E6C9 /* Build configuration list for PBXNativeTarget "CleverStudyTests" */ = {
			isa = XCConfigurationList;
			buildConfigurations = (
				419D9923236619FF00E4E6C9 /* Debug */,
				419D9924236619FF00E4E6C9 /* Release */,
			);
			defaultConfigurationIsVisible = 0;
			defaultConfigurationName = Release;
		};
/* End XCConfigurationList section */
	};
	rootObject = 419D98F8236619FC00E4E6C9 /* Project object */;
}
